// !$*UTF8*$!
{
	archiveVersion = 1;
	classes = {
	};
	objectVersion = 48;
	objects = {

/* Begin PBXBuildFile section */
		2D7262EC1FB2179700C4B238 /* AppDelegate.swift in Sources */ = {isa = PBXBuildFile; fileRef = 2D7262EB1FB2179700C4B238 /* AppDelegate.swift */; };
		2D7262EE1FB2179700C4B238 /* ViewController.swift in Sources */ = {isa = PBXBuildFile; fileRef = 2D7262ED1FB2179700C4B238 /* ViewController.swift */; };
		2D7262F11FB2179700C4B238 /* Main.storyboard in Resources */ = {isa = PBXBuildFile; fileRef = 2D7262EF1FB2179700C4B238 /* Main.storyboard */; };
		2D7262F31FB2179700C4B238 /* Assets.xcassets in Resources */ = {isa = PBXBuildFile; fileRef = 2D7262F21FB2179700C4B238 /* Assets.xcassets */; };
		2D7262F61FB2179700C4B238 /* LaunchScreen.storyboard in Resources */ = {isa = PBXBuildFile; fileRef = 2D7262F41FB2179700C4B238 /* LaunchScreen.storyboard */; };
		2D7263021FB217F700C4B238 /* ProductCollectionViewCell.swift in Sources */ = {isa = PBXBuildFile; fileRef = 2D7263011FB217F700C4B238 /* ProductCollectionViewCell.swift */; };
		2DADCEA31FB4ABAE00FFF234 /* IGListKit.framework in Frameworks */ = {isa = PBXBuildFile; fileRef = 2DADCEA21FB4ABAE00FFF234 /* IGListKit.framework */; };
		2DADCEA81FB4B64500FFF234 /* ZProduct.swift in Sources */ = {isa = PBXBuildFile; fileRef = 2DADCEA71FB4B64500FFF234 /* ZProduct.swift */; };
		2DADCEAA1FB4B81000FFF234 /* ProductSectionController.swift in Sources */ = {isa = PBXBuildFile; fileRef = 2DADCEA91FB4B81000FFF234 /* ProductSectionController.swift */; };
		2DAF5C181FB2217D00A089D9 /* API.swift in Sources */ = {isa = PBXBuildFile; fileRef = 2DAF5C151FB2217D00A089D9 /* API.swift */; };
		2DAF5C221FB225D400A089D9 /* Apollo.framework in Frameworks */ = {isa = PBXBuildFile; fileRef = 2DAF5C201FB225D400A089D9 /* Apollo.framework */; };
		2DAF5C231FB225D400A089D9 /* Kingfisher.framework in Frameworks */ = {isa = PBXBuildFile; fileRef = 2DAF5C211FB225D400A089D9 /* Kingfisher.framework */; };
/* End PBXBuildFile section */

/* Begin PBXFileReference section */
		2D7262E81FB2179700C4B238 /* ApolloGraphQLDemo.app */ = {isa = PBXFileReference; explicitFileType = wrapper.application; includeInIndex = 0; path = ApolloGraphQLDemo.app; sourceTree = BUILT_PRODUCTS_DIR; };
		2D7262EB1FB2179700C4B238 /* AppDelegate.swift */ = {isa = PBXFileReference; lastKnownFileType = sourcecode.swift; path = AppDelegate.swift; sourceTree = "<group>"; };
		2D7262ED1FB2179700C4B238 /* ViewController.swift */ = {isa = PBXFileReference; lastKnownFileType = sourcecode.swift; path = ViewController.swift; sourceTree = "<group>"; };
		2D7262F01FB2179700C4B238 /* Base */ = {isa = PBXFileReference; lastKnownFileType = file.storyboard; name = Base; path = Base.lproj/Main.storyboard; sourceTree = "<group>"; };
		2D7262F21FB2179700C4B238 /* Assets.xcassets */ = {isa = PBXFileReference; lastKnownFileType = folder.assetcatalog; path = Assets.xcassets; sourceTree = "<group>"; };
		2D7262F51FB2179700C4B238 /* Base */ = {isa = PBXFileReference; lastKnownFileType = file.storyboard; name = Base; path = Base.lproj/LaunchScreen.storyboard; sourceTree = "<group>"; };
		2D7262F71FB2179700C4B238 /* Info.plist */ = {isa = PBXFileReference; lastKnownFileType = text.plist.xml; path = Info.plist; sourceTree = "<group>"; };
		2D7263011FB217F700C4B238 /* ProductCollectionViewCell.swift */ = {isa = PBXFileReference; lastKnownFileType = sourcecode.swift; path = ProductCollectionViewCell.swift; sourceTree = "<group>"; };
		2DADCEA21FB4ABAE00FFF234 /* IGListKit.framework */ = {isa = PBXFileReference; lastKnownFileType = wrapper.framework; name = IGListKit.framework; path = Carthage/Build/iOS/IGListKit.framework; sourceTree = "<group>"; };
		2DADCEA71FB4B64500FFF234 /* ZProduct.swift */ = {isa = PBXFileReference; lastKnownFileType = sourcecode.swift; path = ZProduct.swift; sourceTree = "<group>"; };
		2DADCEA91FB4B81000FFF234 /* ProductSectionController.swift */ = {isa = PBXFileReference; lastKnownFileType = sourcecode.swift; name = ProductSectionController.swift; path = ../../../../../Applications/ProductSectionController.swift; sourceTree = "<group>"; };
		2DAF5C151FB2217D00A089D9 /* API.swift */ = {isa = PBXFileReference; lastKnownFileType = sourcecode.swift; path = API.swift; sourceTree = "<group>"; };
		2DAF5C161FB2217D00A089D9 /* schema.json */ = {isa = PBXFileReference; lastKnownFileType = text.json; path = schema.json; sourceTree = "<group>"; };
		2DAF5C171FB2217D00A089D9 /* GetProducts.graphql */ = {isa = PBXFileReference; lastKnownFileType = text; path = GetProducts.graphql; sourceTree = "<group>"; };
		2DAF5C201FB225D400A089D9 /* Apollo.framework */ = {isa = PBXFileReference; lastKnownFileType = wrapper.framework; name = Apollo.framework; path = Carthage/Build/iOS/Apollo.framework; sourceTree = "<group>"; };
		2DAF5C211FB225D400A089D9 /* Kingfisher.framework */ = {isa = PBXFileReference; lastKnownFileType = wrapper.framework; name = Kingfisher.framework; path = Carthage/Build/iOS/Kingfisher.framework; sourceTree = "<group>"; };
/* End PBXFileReference section */

/* Begin PBXFrameworksBuildPhase section */
		2D7262E51FB2179700C4B238 /* Frameworks */ = {
			isa = PBXFrameworksBuildPhase;
			buildActionMask = 2147483647;
			files = (
				2DAF5C221FB225D400A089D9 /* Apollo.framework in Frameworks */,
				2DAF5C231FB225D400A089D9 /* Kingfisher.framework in Frameworks */,
				2DADCEA31FB4ABAE00FFF234 /* IGListKit.framework in Frameworks */,
			);
			runOnlyForDeploymentPostprocessing = 0;
		};
/* End PBXFrameworksBuildPhase section */

/* Begin PBXGroup section */
		2D7262DF1FB2179700C4B238 = {
			isa = PBXGroup;
			children = (
				2D7262EA1FB2179700C4B238 /* ApolloGraphQLDemo */,
				2D7262E91FB2179700C4B238 /* Products */,
				2DAF5C1F1FB225D400A089D9 /* Frameworks */,
			);
			sourceTree = "<group>";
		};
		2D7262E91FB2179700C4B238 /* Products */ = {
			isa = PBXGroup;
			children = (
				2D7262E81FB2179700C4B238 /* ApolloGraphQLDemo.app */,
			);
			name = Products;
			sourceTree = "<group>";
		};
		2D7262EA1FB2179700C4B238 /* ApolloGraphQLDemo */ = {
			isa = PBXGroup;
			children = (
				2D7263011FB217F700C4B238 /* ProductCollectionViewCell.swift */,
				2D7262EB1FB2179700C4B238 /* AppDelegate.swift */,
				2D7262ED1FB2179700C4B238 /* ViewController.swift */,
				2DADCEA91FB4B81000FFF234 /* ProductSectionController.swift */,
				2DAF5C191FB2218200A089D9 /* GraphQL */,
				2D7263031FB2180D00C4B238 /* SupportingFiles */,
			);
			path = ApolloGraphQLDemo;
			sourceTree = "<group>";
		};
		2D7263031FB2180D00C4B238 /* SupportingFiles */ = {
			isa = PBXGroup;
			children = (
				2D7262EF1FB2179700C4B238 /* Main.storyboard */,
				2D7262F21FB2179700C4B238 /* Assets.xcassets */,
				2D7262F41FB2179700C4B238 /* LaunchScreen.storyboard */,
				2D7262F71FB2179700C4B238 /* Info.plist */,
			);
			name = SupportingFiles;
			sourceTree = "<group>";
		};
		2DAF5C191FB2218200A089D9 /* GraphQL */ = {
			isa = PBXGroup;
			children = (
				2DAF5C151FB2217D00A089D9 /* API.swift */,
				2DAF5C171FB2217D00A089D9 /* GetProducts.graphql */,
				2DAF5C161FB2217D00A089D9 /* schema.json */,
				2DADCEA71FB4B64500FFF234 /* ZProduct.swift */,
			);
			name = GraphQL;
			sourceTree = "<group>";
		};
		2DAF5C1F1FB225D400A089D9 /* Frameworks */ = {
			isa = PBXGroup;
			children = (
				2DADCEA21FB4ABAE00FFF234 /* IGListKit.framework */,
				2DAF5C201FB225D400A089D9 /* Apollo.framework */,
				2DAF5C211FB225D400A089D9 /* Kingfisher.framework */,
			);
			name = Frameworks;
			sourceTree = "<group>";
		};
/* End PBXGroup section */

/* Begin PBXNativeTarget section */
		2D7262E71FB2179700C4B238 /* ApolloGraphQLDemo */ = {
			isa = PBXNativeTarget;
			buildConfigurationList = 2D7262FA1FB2179700C4B238 /* Build configuration list for PBXNativeTarget "ApolloGraphQLDemo" */;
			buildPhases = (
				2D7262E41FB2179700C4B238 /* Sources */,
				2D7262E51FB2179700C4B238 /* Frameworks */,
				2D7262E61FB2179700C4B238 /* Resources */,
				2DAF5C0F1FB220C300A089D9 /* Generate GraphQL API */,
				2DAF5C1A1FB2220C00A089D9 /* ShellScript */,
			);
			buildRules = (
			);
			dependencies = (
			);
			name = ApolloGraphQLDemo;
			productName = ApolloGraphQLDemo;
			productReference = 2D7262E81FB2179700C4B238 /* ApolloGraphQLDemo.app */;
			productType = "com.apple.product-type.application";
		};
/* End PBXNativeTarget section */

/* Begin PBXProject section */
		2D7262E01FB2179700C4B238 /* Project object */ = {
			isa = PBXProject;
			attributes = {
				LastSwiftUpdateCheck = 0900;
				LastUpgradeCheck = 0900;
				ORGANIZATIONNAME = "Danh Dang";
				TargetAttributes = {
					2D7262E71FB2179700C4B238 = {
						CreatedOnToolsVersion = 9.0;
						ProvisioningStyle = Automatic;
					};
				};
			};
			buildConfigurationList = 2D7262E31FB2179700C4B238 /* Build configuration list for PBXProject "ApolloGraphQLDemo" */;
			compatibilityVersion = "Xcode 8.0";
			developmentRegion = en;
			hasScannedForEncodings = 0;
			knownRegions = (
				en,
				Base,
			);
			mainGroup = 2D7262DF1FB2179700C4B238;
			productRefGroup = 2D7262E91FB2179700C4B238 /* Products */;
			projectDirPath = "";
			projectRoot = "";
			targets = (
				2D7262E71FB2179700C4B238 /* ApolloGraphQLDemo */,
			);
		};
/* End PBXProject section */

/* Begin PBXResourcesBuildPhase section */
		2D7262E61FB2179700C4B238 /* Resources */ = {
			isa = PBXResourcesBuildPhase;
			buildActionMask = 2147483647;
			files = (
				2D7262F61FB2179700C4B238 /* LaunchScreen.storyboard in Resources */,
				2D7262F31FB2179700C4B238 /* Assets.xcassets in Resources */,
				2D7262F11FB2179700C4B238 /* Main.storyboard in Resources */,
			);
			runOnlyForDeploymentPostprocessing = 0;
		};
/* End PBXResourcesBuildPhase section */

/* Begin PBXShellScriptBuildPhase section */
		2DAF5C0F1FB220C300A089D9 /* Generate GraphQL API */ = {
			isa = PBXShellScriptBuildPhase;
			buildActionMask = 2147483647;
			files = (
			);
			inputPaths = (
			);
			name = "Generate GraphQL API";
			outputPaths = (
			);
			runOnlyForDeploymentPostprocessing = 0;
			shellPath = /bin/sh;
			shellScript = "APOLLO_FRAMEWORK_PATH=\"$(eval find $FRAMEWORK_SEARCH_PATHS -name \"Apollo.framework\" -maxdepth 1)\"\n\nif [ -z \"$APOLLO_FRAMEWORK_PATH\" ]; then\necho \"error: Couldn't find Apollo.framework in FRAMEWORK_SEARCH_PATHS; make sure to add the framework to your project.\"\nexit 1\nfi\n\ncd \"${SRCROOT}/${TARGET_NAME}\"\n$APOLLO_FRAMEWORK_PATH/check-and-run-apollo-codegen.sh generate $(find . -name '*.graphql') --schema schema.json --output API.swift";
		};
		2DAF5C1A1FB2220C00A089D9 /* ShellScript */ = {
			isa = PBXShellScriptBuildPhase;
			buildActionMask = 2147483647;
			files = (
			);
			inputPaths = (
				"$(SRCROOT)/Carthage/Build/iOS/Apollo.framework",
				"$(SRCROOT)/Carthage/Build/iOS/Kingfisher.framework",
				"$(SRCROOT)/Carthage/Build/iOS/IGListKit.framework",
			);
			outputPaths = (
			);
			runOnlyForDeploymentPostprocessing = 0;
			shellPath = /bin/sh;
			shellScript = "/usr/local/bin/carthage copy-frameworks";
		};
/* End PBXShellScriptBuildPhase section */

/* Begin PBXSourcesBuildPhase section */
		2D7262E41FB2179700C4B238 /* Sources */ = {
			isa = PBXSourcesBuildPhase;
			buildActionMask = 2147483647;
			files = (
				2D7262EE1FB2179700C4B238 /* ViewController.swift in Sources */,
				2D7263021FB217F700C4B238 /* ProductCollectionViewCell.swift in Sources */,
				2DADCEAA1FB4B81000FFF234 /* ProductSectionController.swift in Sources */,
				2DAF5C181FB2217D00A089D9 /* API.swift in Sources */,
				2DADCEA81FB4B64500FFF234 /* ZProduct.swift in Sources */,
				2D7262EC1FB2179700C4B238 /* AppDelegate.swift in Sources */,
			);
			runOnlyForDeploymentPostprocessing = 0;
		};
/* End PBXSourcesBuildPhase section */

/* Begin PBXVariantGroup section */
		2D7262EF1FB2179700C4B238 /* Main.storyboard */ = {
			isa = PBXVariantGroup;
			children = (
				2D7262F01FB2179700C4B238 /* Base */,
			);
			name = Main.storyboard;
			sourceTree = "<group>";
		};
		2D7262F41FB2179700C4B238 /* LaunchScreen.storyboard */ = {
			isa = PBXVariantGroup;
			children = (
				2D7262F51FB2179700C4B238 /* Base */,
			);
			name = LaunchScreen.storyboard;
			sourceTree = "<group>";
		};
/* End PBXVariantGroup section */

/* Begin XCBuildConfiguration section */
		2D7262F81FB2179700C4B238 /* Debug */ = {
			isa = XCBuildConfiguration;
			buildSettings = {
				ALWAYS_SEARCH_USER_PATHS = NO;
				CLANG_ANALYZER_NONNULL = YES;
				CLANG_ANALYZER_NUMBER_OBJECT_CONVERSION = YES_AGGRESSIVE;
				CLANG_CXX_LANGUAGE_STANDARD = "gnu++14";
				CLANG_CXX_LIBRARY = "libc++";
				CLANG_ENABLE_MODULES = YES;
				CLANG_ENABLE_OBJC_ARC = YES;
				CLANG_WARN_BLOCK_CAPTURE_AUTORELEASING = YES;
				CLANG_WARN_BOOL_CONVERSION = YES;
				CLANG_WARN_COMMA = YES;
				CLANG_WARN_CONSTANT_CONVERSION = YES;
				CLANG_WARN_DIRECT_OBJC_ISA_USAGE = YES_ERROR;
				CLANG_WARN_DOCUMENTATION_COMMENTS = YES;
				CLANG_WARN_EMPTY_BODY = YES;
				CLANG_WARN_ENUM_CONVERSION = YES;
				CLANG_WARN_INFINITE_RECURSION = YES;
				CLANG_WARN_INT_CONVERSION = YES;
				CLANG_WARN_NON_LITERAL_NULL_CONVERSION = YES;
				CLANG_WARN_OBJC_LITERAL_CONVERSION = YES;
				CLANG_WARN_OBJC_ROOT_CLASS = YES_ERROR;
				CLANG_WARN_RANGE_LOOP_ANALYSIS = YES;
				CLANG_WARN_STRICT_PROTOTYPES = YES;
				CLANG_WARN_SUSPICIOUS_MOVE = YES;
				CLANG_WARN_UNGUARDED_AVAILABILITY = YES_AGGRESSIVE;
				CLANG_WARN_UNREACHABLE_CODE = YES;
				CLANG_WARN__DUPLICATE_METHOD_MATCH = YES;
				CODE_SIGN_IDENTITY = "iPhone Developer";
				COPY_PHASE_STRIP = NO;
				DEBUG_INFORMATION_FORMAT = dwarf;
				ENABLE_STRICT_OBJC_MSGSEND = YES;
				ENABLE_TESTABILITY = YES;
				GCC_C_LANGUAGE_STANDARD = gnu11;
				GCC_DYNAMIC_NO_PIC = NO;
				GCC_NO_COMMON_BLOCKS = YES;
				GCC_OPTIMIZATION_LEVEL = 0;
				GCC_PREPROCESSOR_DEFINITIONS = (
					"DEBUG=1",
					"$(inherited)",
				);
				GCC_WARN_64_TO_32_BIT_CONVERSION = YES;
				GCC_WARN_ABOUT_RETURN_TYPE = YES_ERROR;
				GCC_WARN_UNDECLARED_SELECTOR = YES;
				GCC_WARN_UNINITIALIZED_AUTOS = YES_AGGRESSIVE;
				GCC_WARN_UNUSED_FUNCTION = YES;
				GCC_WARN_UNUSED_VARIABLE = YES;
				IPHONEOS_DEPLOYMENT_TARGET = 11.0;
				MTL_ENABLE_DEBUG_INFO = YES;
				ONLY_ACTIVE_ARCH = YES;
				SDKROOT = iphoneos;
				SWIFT_ACTIVE_COMPILATION_CONDITIONS = DEBUG;
				SWIFT_OPTIMIZATION_LEVEL = "-Onone";
			};
			name = Debug;
		};
		2D7262F91FB2179700C4B238 /* Release */ = {
			isa = XCBuildConfiguration;
			buildSettings = {
				ALWAYS_SEARCH_USER_PATHS = NO;
				CLANG_ANALYZER_NONNULL = YES;
				CLANG_ANALYZER_NUMBER_OBJECT_CONVERSION = YES_AGGRESSIVE;
				CLANG_CXX_LANGUAGE_STANDARD = "gnu++14";
				CLANG_CXX_LIBRARY = "libc++";
				CLANG_ENABLE_MODULES = YES;
				CLANG_ENABLE_OBJC_ARC = YES;
				CLANG_WARN_BLOCK_CAPTURE_AUTORELEASING = YES;
				CLANG_WARN_BOOL_CONVERSION = YES;
				CLANG_WARN_COMMA = YES;
				CLANG_WARN_CONSTANT_CONVERSION = YES;
				CLANG_WARN_DIRECT_OBJC_ISA_USAGE = YES_ERROR;
				CLANG_WARN_DOCUMENTATION_COMMENTS = YES;
				CLANG_WARN_EMPTY_BODY = YES;
				CLANG_WARN_ENUM_CONVERSION = YES;
				CLANG_WARN_INFINITE_RECURSION = YES;
				CLANG_WARN_INT_CONVERSION = YES;
				CLANG_WARN_NON_LITERAL_NULL_CONVERSION = YES;
				CLANG_WARN_OBJC_LITERAL_CONVERSION = YES;
				CLANG_WARN_OBJC_ROOT_CLASS = YES_ERROR;
				CLANG_WARN_RANGE_LOOP_ANALYSIS = YES;
				CLANG_WARN_STRICT_PROTOTYPES = YES;
				CLANG_WARN_SUSPICIOUS_MOVE = YES;
				CLANG_WARN_UNGUARDED_AVAILABILITY = YES_AGGRESSIVE;
				CLANG_WARN_UNREACHABLE_CODE = YES;
				CLANG_WARN__DUPLICATE_METHOD_MATCH = YES;
				CODE_SIGN_IDENTITY = "iPhone Developer";
				COPY_PHASE_STRIP = NO;
				DEBUG_INFORMATION_FORMAT = "dwarf-with-dsym";
				ENABLE_NS_ASSERTIONS = NO;
				ENABLE_STRICT_OBJC_MSGSEND = YES;
				GCC_C_LANGUAGE_STANDARD = gnu11;
				GCC_NO_COMMON_BLOCKS = YES;
				GCC_WARN_64_TO_32_BIT_CONVERSION = YES;
				GCC_WARN_ABOUT_RETURN_TYPE = YES_ERROR;
				GCC_WARN_UNDECLARED_SELECTOR = YES;
				GCC_WARN_UNINITIALIZED_AUTOS = YES_AGGRESSIVE;
				GCC_WARN_UNUSED_FUNCTION = YES;
				GCC_WARN_UNUSED_VARIABLE = YES;
				IPHONEOS_DEPLOYMENT_TARGET = 11.0;
				MTL_ENABLE_DEBUG_INFO = NO;
				SDKROOT = iphoneos;
				SWIFT_OPTIMIZATION_LEVEL = "-Owholemodule";
				VALIDATE_PRODUCT = YES;
			};
			name = Release;
		};
		2D7262FB1FB2179700C4B238 /* Debug */ = {
			isa = XCBuildConfiguration;
			buildSettings = {
				ASSETCATALOG_COMPILER_APPICON_NAME = AppIcon;
				CODE_SIGN_STYLE = Automatic;
				DEVELOPMENT_TEAM = 37TYWLGRXS;
				FRAMEWORK_SEARCH_PATHS = (
					"$(inherited)",
					"$(PROJECT_DIR)/Carthage/Build/iOS",
				);
				INFOPLIST_FILE = ApolloGraphQLDemo/Info.plist;
				LD_RUNPATH_SEARCH_PATHS = "$(inherited) @executable_path/Frameworks";
				PRODUCT_BUNDLE_IDENTIFIER = com.zalora.ApolloGraphQLDemo;
				PRODUCT_NAME = "$(TARGET_NAME)";
				SWIFT_OPTIMIZATION_LEVEL = "-Owholemodule";
				SWIFT_VERSION = 4.0;
				TARGETED_DEVICE_FAMILY = "1,2";
			};
			name = Debug;
		};
		2D7262FC1FB2179700C4B238 /* Release */ = {
			isa = XCBuildConfiguration;
			buildSettings = {
				ASSETCATALOG_COMPILER_APPICON_NAME = AppIcon;
				CODE_SIGN_STYLE = Automatic;
				DEVELOPMENT_TEAM = 37TYWLGRXS;
				FRAMEWORK_SEARCH_PATHS = (
					"$(inherited)",
					"$(PROJECT_DIR)/Carthage/Build/iOS",
				);
				INFOPLIST_FILE = ApolloGraphQLDemo/Info.plist;
				LD_RUNPATH_SEARCH_PATHS = "$(inherited) @executable_path/Frameworks";
				PRODUCT_BUNDLE_IDENTIFIER = com.zalora.ApolloGraphQLDemo;
				PRODUCT_NAME = "$(TARGET_NAME)";
				SWIFT_OPTIMIZATION_LEVEL = "-Owholemodule";
				SWIFT_VERSION = 4.0;
				TARGETED_DEVICE_FAMILY = "1,2";
			};
			name = Release;
		};
/* End XCBuildConfiguration section */

/* Begin XCConfigurationList section */
		2D7262E31FB2179700C4B238 /* Build configuration list for PBXProject "ApolloGraphQLDemo" */ = {
			isa = XCConfigurationList;
			buildConfigurations = (
				2D7262F81FB2179700C4B238 /* Debug */,
				2D7262F91FB2179700C4B238 /* Release */,
			);
			defaultConfigurationIsVisible = 0;
			defaultConfigurationName = Release;
		};
		2D7262FA1FB2179700C4B238 /* Build configuration list for PBXNativeTarget "ApolloGraphQLDemo" */ = {
			isa = XCConfigurationList;
			buildConfigurations = (
				2D7262FB1FB2179700C4B238 /* Debug */,
				2D7262FC1FB2179700C4B238 /* Release */,
			);
			defaultConfigurationIsVisible = 0;
			defaultConfigurationName = Release;
		};
/* End XCConfigurationList section */
	};
	rootObject = 2D7262E01FB2179700C4B238 /* Project object */;
}
